
Microsoft Visual Studio Solution File, Format Version 12.00
# Visual Studio Version 17
VisualStudioVersion = 17.0.31903.59
MinimumVisualStudioVersion = 10.0.40219.1
Project("{2150E333-8FDC-42A3-9474-1A3956D46DE8}") = "src", "src", "{6535C300-28BA-4F31-A578-43137E4A7F74}"
EndProject
Project("{FAE04EC0-301F-11D3-BF4B-00C04F79EFBC}") = "Agriculture.Api", "src\Agriculture.Api\Agriculture.Api.csproj", "{D00056FA-8ACD-49E2-9ACA-216A89FDFFA6}"
EndProject
Project("{FAE04EC0-301F-11D3-BF4B-00C04F79EFBC}") = "Agriculture.Domain", "src\Agriculture.Domain\Agriculture.Domain.csproj", "{C6547D95-D3AD-458D-AE8E-5B2EA02E0E3F}"
EndProject
Project("{FAE04EC0-301F-11D3-BF4B-00C04F79EFBC}") = "Agriculture.Infrastructure", "src\Agriculture.Infrastructure\Agriculture.Infrastructure.csproj", "{9A1E758A-8CDF-4B38-8826-61BBFB597772}"
EndProject
Project("{FAE04EC0-301F-11D3-BF4B-00C04F79EFBC}") = "Agriculture.Aplication", "src\Agriculture.Aplication\Agriculture.Aplication.csproj", "{28749C3E-86B9-47EE-A988-CCCFE037F917}"
EndProject
Global
	GlobalSection(SolutionConfigurationPlatforms) = preSolution
		Debug|Any CPU = Debug|Any CPU
		Release|Any CPU = Release|Any CPU
	EndGlobalSection
	GlobalSection(ProjectConfigurationPlatforms) = postSolution
		{D00056FA-8ACD-49E2-9ACA-216A89FDFFA6}.Debug|Any CPU.ActiveCfg = Debug|Any CPU
		{D00056FA-8ACD-49E2-9ACA-216A89FDFFA6}.Debug|Any CPU.Build.0 = Debug|Any CPU
		{D00056FA-8ACD-49E2-9ACA-216A89FDFFA6}.Release|Any CPU.ActiveCfg = Release|Any CPU
		{D00056FA-8ACD-49E2-9ACA-216A89FDFFA6}.Release|Any CPU.Build.0 = Release|Any CPU
		{C6547D95-D3AD-458D-AE8E-5B2EA02E0E3F}.Debug|Any CPU.ActiveCfg = Debug|Any CPU
		{C6547D95-D3AD-458D-AE8E-5B2EA02E0E3F}.Debug|Any CPU.Build.0 = Debug|Any CPU
		{C6547D95-D3AD-458D-AE8E-5B2EA02E0E3F}.Release|Any CPU.ActiveCfg = Release|Any CPU
		{C6547D95-D3AD-458D-AE8E-5B2EA02E0E3F}.Release|Any CPU.Build.0 = Release|Any CPU
		{9A1E758A-8CDF-4B38-8826-61BBFB597772}.Debug|Any CPU.ActiveCfg = Debug|Any CPU
		{9A1E758A-8CDF-4B38-8826-61BBFB597772}.Debug|Any CPU.Build.0 = Debug|Any CPU
		{9A1E758A-8CDF-4B38-8826-61BBFB597772}.Release|Any CPU.ActiveCfg = Release|Any CPU
		{9A1E758A-8CDF-4B38-8826-61BBFB597772}.Release|Any CPU.Build.0 = Release|Any CPU
		{28749C3E-86B9-47EE-A988-CCCFE037F917}.Debug|Any CPU.ActiveCfg = Debug|Any CPU
		{28749C3E-86B9-47EE-A988-CCCFE037F917}.Debug|Any CPU.Build.0 = Debug|Any CPU
		{28749C3E-86B9-47EE-A988-CCCFE037F917}.Release|Any CPU.ActiveCfg = Release|Any CPU
		{28749C3E-86B9-47EE-A988-CCCFE037F917}.Release|Any CPU.Build.0 = Release|Any CPU
	EndGlobalSection
	GlobalSection(SolutionProperties) = preSolution
		HideSolutionNode = FALSE
	EndGlobalSection
	GlobalSection(NestedProjects) = preSolution
		{D00056FA-8ACD-49E2-9ACA-216A89FDFFA6} = {6535C300-28BA-4F31-A578-43137E4A7F74}
		{C6547D95-D3AD-458D-AE8E-5B2EA02E0E3F} = {6535C300-28BA-4F31-A578-43137E4A7F74}
		{9A1E758A-8CDF-4B38-8826-61BBFB597772} = {6535C300-28BA-4F31-A578-43137E4A7F74}
		{28749C3E-86B9-47EE-A988-CCCFE037F917} = {6535C300-28BA-4F31-A578-43137E4A7F74}
	EndGlobalSection
	GlobalSection(ExtensibilityGlobals) = postSolution
		SolutionGuid = {35AD5C20-B70B-40F5-8A0A-290FAD2C07D9}
	EndGlobalSection
EndGlobal
